// !$*UTF8*$!
{
	archiveVersion = 1;
	classes = {
	};
	objectVersion = 55;
	objects = {

/* Begin PBXBuildFile section */
		C67413C0268ABAEC00128E2D /* Tests_iOS.swift in Sources */ = {isa = PBXBuildFile; fileRef = C67413BF268ABAEC00128E2D /* Tests_iOS.swift */; };
		C67413CA268ABAEC00128E2D /* Tests_macOS.swift in Sources */ = {isa = PBXBuildFile; fileRef = C67413C9268ABAEC00128E2D /* Tests_macOS.swift */; };
		C67413CB268ABAEC00128E2D /* FlashPadApp.swift in Sources */ = {isa = PBXBuildFile; fileRef = C67413A9268ABAEB00128E2D /* FlashPadApp.swift */; };
		C67413CC268ABAEC00128E2D /* FlashPadApp.swift in Sources */ = {isa = PBXBuildFile; fileRef = C67413A9268ABAEB00128E2D /* FlashPadApp.swift */; };
		C67413CD268ABAEC00128E2D /* ContentView.swift in Sources */ = {isa = PBXBuildFile; fileRef = C67413AA268ABAEB00128E2D /* ContentView.swift */; };
		C67413CE268ABAEC00128E2D /* ContentView.swift in Sources */ = {isa = PBXBuildFile; fileRef = C67413AA268ABAEB00128E2D /* ContentView.swift */; };
		C67413CF268ABAEC00128E2D /* Assets.xcassets in Resources */ = {isa = PBXBuildFile; fileRef = C67413AB268ABAEC00128E2D /* Assets.xcassets */; };
		C67413D0268ABAEC00128E2D /* Assets.xcassets in Resources */ = {isa = PBXBuildFile; fileRef = C67413AB268ABAEC00128E2D /* Assets.xcassets */; };
/* End PBXBuildFile section */

/* Begin PBXContainerItemProxy section */
		C67413BC268ABAEC00128E2D /* PBXContainerItemProxy */ = {
			isa = PBXContainerItemProxy;
			containerPortal = C67413A4268ABAEB00128E2D /* Project object */;
			proxyType = 1;
			remoteGlobalIDString = C67413AF268ABAEC00128E2D;
			remoteInfo = "FlashPad (iOS)";
		};
		C67413C6268ABAEC00128E2D /* PBXContainerItemProxy */ = {
			isa = PBXContainerItemProxy;
			containerPortal = C67413A4268ABAEB00128E2D /* Project object */;
			proxyType = 1;
			remoteGlobalIDString = C67413B5268ABAEC00128E2D;
			remoteInfo = "FlashPad (macOS)";
		};
/* End PBXContainerItemProxy section */

/* Begin PBXFileReference section */
		C67413A9268ABAEB00128E2D /* FlashPadApp.swift */ = {isa = PBXFileReference; lastKnownFileType = sourcecode.swift; path = FlashPadApp.swift; sourceTree = "<group>"; };
		C67413AA268ABAEB00128E2D /* ContentView.swift */ = {isa = PBXFileReference; lastKnownFileType = sourcecode.swift; path = ContentView.swift; sourceTree = "<group>"; };
		C67413AB268ABAEC00128E2D /* Assets.xcassets */ = {isa = PBXFileReference; lastKnownFileType = folder.assetcatalog; path = Assets.xcassets; sourceTree = "<group>"; };
		C67413B0268ABAEC00128E2D /* FlashPad.app */ = {isa = PBXFileReference; explicitFileType = wrapper.application; includeInIndex = 0; path = FlashPad.app; sourceTree = BUILT_PRODUCTS_DIR; };
		C67413B6268ABAEC00128E2D /* FlashPad.app */ = {isa = PBXFileReference; explicitFileType = wrapper.application; includeInIndex = 0; path = FlashPad.app; sourceTree = BUILT_PRODUCTS_DIR; };
		C67413BB268ABAEC00128E2D /* Tests iOS.xctest */ = {isa = PBXFileReference; explicitFileType = wrapper.cfbundle; includeInIndex = 0; path = "Tests iOS.xctest"; sourceTree = BUILT_PRODUCTS_DIR; };
		C67413BF268ABAEC00128E2D /* Tests_iOS.swift */ = {isa = PBXFileReference; lastKnownFileType = sourcecode.swift; path = Tests_iOS.swift; sourceTree = "<group>"; };
		C67413C5268ABAEC00128E2D /* Tests macOS.xctest */ = {isa = PBXFileReference; explicitFileType = wrapper.cfbundle; includeInIndex = 0; path = "Tests macOS.xctest"; sourceTree = BUILT_PRODUCTS_DIR; };
		C67413C9268ABAEC00128E2D /* Tests_macOS.swift */ = {isa = PBXFileReference; lastKnownFileType = sourcecode.swift; path = Tests_macOS.swift; sourceTree = "<group>"; };
/* End PBXFileReference section */

/* Begin PBXFrameworksBuildPhase section */
		C67413AD268ABAEC00128E2D /* Frameworks */ = {
			isa = PBXFrameworksBuildPhase;
			buildActionMask = 2147483647;
			files = (
			);
			runOnlyForDeploymentPostprocessing = 0;
		};
		C67413B3268ABAEC00128E2D /* Frameworks */ = {
			isa = PBXFrameworksBuildPhase;
			buildActionMask = 2147483647;
			files = (
			);
			runOnlyForDeploymentPostprocessing = 0;
		};
		C67413B8268ABAEC00128E2D /* Frameworks */ = {
			isa = PBXFrameworksBuildPhase;
			buildActionMask = 2147483647;
			files = (
			);
			runOnlyForDeploymentPostprocessing = 0;
		};
		C67413C2268ABAEC00128E2D /* Frameworks */ = {
			isa = PBXFrameworksBuildPhase;
			buildActionMask = 2147483647;
			files = (
			);
			runOnlyForDeploymentPostprocessing = 0;
		};
/* End PBXFrameworksBuildPhase section */

/* Begin PBXGroup section */
		C67413A3268ABAEB00128E2D = {
			isa = PBXGroup;
			children = (
				C67413A8268ABAEB00128E2D /* Shared */,
				C67413BE268ABAEC00128E2D /* Tests iOS */,
				C67413C8268ABAEC00128E2D /* Tests macOS */,
				C67413B1268ABAEC00128E2D /* Products */,
			);
			sourceTree = "<group>";
		};
		C67413A8268ABAEB00128E2D /* Shared */ = {
			isa = PBXGroup;
			children = (
				C67413A9268ABAEB00128E2D /* FlashPadApp.swift */,
				C67413AA268ABAEB00128E2D /* ContentView.swift */,
				C67413AB268ABAEC00128E2D /* Assets.xcassets */,
			);
			path = Shared;
			sourceTree = "<group>";
		};
		C67413B1268ABAEC00128E2D /* Products */ = {
			isa = PBXGroup;
			children = (
				C67413B0268ABAEC00128E2D /* FlashPad.app */,
				C67413B6268ABAEC00128E2D /* FlashPad.app */,
				C67413BB268ABAEC00128E2D /* Tests iOS.xctest */,
				C67413C5268ABAEC00128E2D /* Tests macOS.xctest */,
			);
			name = Products;
			sourceTree = "<group>";
		};
		C67413BE268ABAEC00128E2D /* Tests iOS */ = {
			isa = PBXGroup;
			children = (
				C67413BF268ABAEC00128E2D /* Tests_iOS.swift */,
			);
			path = "Tests iOS";
			sourceTree = "<group>";
		};
		C67413C8268ABAEC00128E2D /* Tests macOS */ = {
			isa = PBXGroup;
			children = (
				C67413C9268ABAEC00128E2D /* Tests_macOS.swift */,
			);
			path = "Tests macOS";
			sourceTree = "<group>";
		};
/* End PBXGroup section */

/* Begin PBXNativeTarget section */
		C67413AF268ABAEC00128E2D /* FlashPad (iOS) */ = {
			isa = PBXNativeTarget;
			buildConfigurationList = C67413D3268ABAEC00128E2D /* Build configuration list for PBXNativeTarget "FlashPad (iOS)" */;
			buildPhases = (
				C67413AC268ABAEC00128E2D /* Sources */,
				C67413AD268ABAEC00128E2D /* Frameworks */,
				C67413AE268ABAEC00128E2D /* Resources */,
			);
			buildRules = (
			);
			dependencies = (
			);
			name = "FlashPad (iOS)";
			productName = "FlashPad (iOS)";
			productReference = C67413B0268ABAEC00128E2D /* FlashPad.app */;
			productType = "com.apple.product-type.application";
		};
		C67413B5268ABAEC00128E2D /* FlashPad (macOS) */ = {
			isa = PBXNativeTarget;
			buildConfigurationList = C67413D6268ABAEC00128E2D /* Build configuration list for PBXNativeTarget "FlashPad (macOS)" */;
			buildPhases = (
				C67413B2268ABAEC00128E2D /* Sources */,
				C67413B3268ABAEC00128E2D /* Frameworks */,
				C67413B4268ABAEC00128E2D /* Resources */,
			);
			buildRules = (
			);
			dependencies = (
			);
			name = "FlashPad (macOS)";
			productName = "FlashPad (macOS)";
			productReference = C67413B6268ABAEC00128E2D /* FlashPad.app */;
			productType = "com.apple.product-type.application";
		};
		C67413BA268ABAEC00128E2D /* Tests iOS */ = {
			isa = PBXNativeTarget;
			buildConfigurationList = C67413D9268ABAEC00128E2D /* Build configuration list for PBXNativeTarget "Tests iOS" */;
			buildPhases = (
				C67413B7268ABAEC00128E2D /* Sources */,
				C67413B8268ABAEC00128E2D /* Frameworks */,
				C67413B9268ABAEC00128E2D /* Resources */,
			);
			buildRules = (
			);
			dependencies = (
				C67413BD268ABAEC00128E2D /* PBXTargetDependency */,
			);
			name = "Tests iOS";
			productName = "Tests iOS";
			productReference = C67413BB268ABAEC00128E2D /* Tests iOS.xctest */;
			productType = "com.apple.product-type.bundle.ui-testing";
		};
		C67413C4268ABAEC00128E2D /* Tests macOS */ = {
			isa = PBXNativeTarget;
			buildConfigurationList = C67413DC268ABAEC00128E2D /* Build configuration list for PBXNativeTarget "Tests macOS" */;
			buildPhases = (
				C67413C1268ABAEC00128E2D /* Sources */,
				C67413C2268ABAEC00128E2D /* Frameworks */,
				C67413C3268ABAEC00128E2D /* Resources */,
			);
			buildRules = (
			);
			dependencies = (
				C67413C7268ABAEC00128E2D /* PBXTargetDependency */,
			);
			name = "Tests macOS";
			productName = "Tests macOS";
			productReference = C67413C5268ABAEC00128E2D /* Tests macOS.xctest */;
			productType = "com.apple.product-type.bundle.ui-testing";
		};
/* End PBXNativeTarget section */

/* Begin PBXProject section */
		C67413A4268ABAEB00128E2D /* Project object */ = {
			isa = PBXProject;
			attributes = {
				BuildIndependentTargetsInParallel = 1;
				LastSwiftUpdateCheck = 1300;
				LastUpgradeCheck = 1300;
				TargetAttributes = {
					C67413AF268ABAEC00128E2D = {
						CreatedOnToolsVersion = 13.0;
					};
					C67413B5268ABAEC00128E2D = {
						CreatedOnToolsVersion = 13.0;
					};
					C67413BA268ABAEC00128E2D = {
						CreatedOnToolsVersion = 13.0;
						TestTargetID = C67413AF268ABAEC00128E2D;
					};
					C67413C4268ABAEC00128E2D = {
						CreatedOnToolsVersion = 13.0;
						TestTargetID = C67413B5268ABAEC00128E2D;
					};
				};
			};
			buildConfigurationList = C67413A7268ABAEB00128E2D /* Build configuration list for PBXProject "FlashPad" */;
			compatibilityVersion = "Xcode 13.0";
			developmentRegion = en;
			hasScannedForEncodings = 0;
			knownRegions = (
				en,
				Base,
			);
			mainGroup = C67413A3268ABAEB00128E2D;
			productRefGroup = C67413B1268ABAEC00128E2D /* Products */;
			projectDirPath = "";
			projectRoot = "";
			targets = (
				C67413AF268ABAEC00128E2D /* FlashPad (iOS) */,
				C67413B5268ABAEC00128E2D /* FlashPad (macOS) */,
				C67413BA268ABAEC00128E2D /* Tests iOS */,
				C67413C4268ABAEC00128E2D /* Tests macOS */,
			);
		};
/* End PBXProject section */

/* Begin PBXResourcesBuildPhase section */
		C67413AE268ABAEC00128E2D /* Resources */ = {
			isa = PBXResourcesBuildPhase;
			buildActionMask = 2147483647;
			files = (
				C67413CF268ABAEC00128E2D /* Assets.xcassets in Resources */,
			);
			runOnlyForDeploymentPostprocessing = 0;
		};
		C67413B4268ABAEC00128E2D /* Resources */ = {
			isa = PBXResourcesBuildPhase;
			buildActionMask = 2147483647;
			files = (
				C67413D0268ABAEC00128E2D /* Assets.xcassets in Resources */,
			);
			runOnlyForDeploymentPostprocessing = 0;
		};
		C67413B9268ABAEC00128E2D /* Resources */ = {
			isa = PBXResourcesBuildPhase;
			buildActionMask = 2147483647;
			files = (
			);
			runOnlyForDeploymentPostprocessing = 0;
		};
		C67413C3268ABAEC00128E2D /* Resources */ = {
			isa = PBXResourcesBuildPhase;
			buildActionMask = 2147483647;
			files = (
			);
			runOnlyForDeploymentPostprocessing = 0;
		};
/* End PBXResourcesBuildPhase section */

/* Begin PBXSourcesBuildPhase section */
		C67413AC268ABAEC00128E2D /* Sources */ = {
			isa = PBXSourcesBuildPhase;
			buildActionMask = 2147483647;
			files = (
				C67413CD268ABAEC00128E2D /* ContentView.swift in Sources */,
				C67413CB268ABAEC00128E2D /* FlashPadApp.swift in Sources */,
			);
			runOnlyForDeploymentPostprocessing = 0;
		};
		C67413B2268ABAEC00128E2D /* Sources */ = {
			isa = PBXSourcesBuildPhase;
			buildActionMask = 2147483647;
			files = (
				C67413CE268ABAEC00128E2D /* ContentView.swift in Sources */,
				C67413CC268ABAEC00128E2D /* FlashPadApp.swift in Sources */,
			);
			runOnlyForDeploymentPostprocessing = 0;
		};
		C67413B7268ABAEC00128E2D /* Sources */ = {
			isa = PBXSourcesBuildPhase;
			buildActionMask = 2147483647;
			files = (
				C67413C0268ABAEC00128E2D /* Tests_iOS.swift in Sources */,
			);
			runOnlyForDeploymentPostprocessing = 0;
		};
		C67413C1268ABAEC00128E2D /* Sources */ = {
			isa = PBXSourcesBuildPhase;
			buildActionMask = 2147483647;
			files = (
				C67413CA268ABAEC00128E2D /* Tests_macOS.swift in Sources */,
			);
			runOnlyForDeploymentPostprocessing = 0;
		};
/* End PBXSourcesBuildPhase section */

/* Begin PBXTargetDependency section */
		C67413BD268ABAEC00128E2D /* PBXTargetDependency */ = {
			isa = PBXTargetDependency;
			target = C67413AF268ABAEC00128E2D /* FlashPad (iOS) */;
			targetProxy = C67413BC268ABAEC00128E2D /* PBXContainerItemProxy */;
		};
		C67413C7268ABAEC00128E2D /* PBXTargetDependency */ = {
			isa = PBXTargetDependency;
			target = C67413B5268ABAEC00128E2D /* FlashPad (macOS) */;
			targetProxy = C67413C6268ABAEC00128E2D /* PBXContainerItemProxy */;
		};
/* End PBXTargetDependency section */

/* Begin XCBuildConfiguration section */
		C67413D1268ABAEC00128E2D /* Debug */ = {
			isa = XCBuildConfiguration;
			buildSettings = {
				ALWAYS_SEARCH_USER_PATHS = NO;
				CLANG_ANALYZER_NONNULL = YES;
				CLANG_ANALYZER_NUMBER_OBJECT_CONVERSION = YES_AGGRESSIVE;
				CLANG_CXX_LANGUAGE_STANDARD = "gnu++14";
				CLANG_CXX_LIBRARY = "libc++";
				CLANG_ENABLE_MODULES = YES;
				CLANG_ENABLE_OBJC_ARC = YES;
				CLANG_ENABLE_OBJC_WEAK = YES;
				CLANG_WARN_BLOCK_CAPTURE_AUTORELEASING = YES;
				CLANG_WARN_BOOL_CONVERSION = YES;
				CLANG_WARN_COMMA = YES;
				CLANG_WARN_CONSTANT_CONVERSION = YES;
				CLANG_WARN_DEPRECATED_OBJC_IMPLEMENTATIONS = YES;
				CLANG_WARN_DIRECT_OBJC_ISA_USAGE = YES_ERROR;
				CLANG_WARN_DOCUMENTATION_COMMENTS = YES;
				CLANG_WARN_EMPTY_BODY = YES;
				CLANG_WARN_ENUM_CONVERSION = YES;
				CLANG_WARN_INFINITE_RECURSION = YES;
				CLANG_WARN_INT_CONVERSION = YES;
				CLANG_WARN_NON_LITERAL_NULL_CONVERSION = YES;
				CLANG_WARN_OBJC_IMPLICIT_RETAIN_SELF = YES;
				CLANG_WARN_OBJC_LITERAL_CONVERSION = YES;
				CLANG_WARN_OBJC_ROOT_CLASS = YES_ERROR;
				CLANG_WARN_QUOTED_INCLUDE_IN_FRAMEWORK_HEADER = YES;
				CLANG_WARN_RANGE_LOOP_ANALYSIS = YES;
				CLANG_WARN_STRICT_PROTOTYPES = YES;
				CLANG_WARN_SUSPICIOUS_MOVE = YES;
				CLANG_WARN_UNGUARDED_AVAILABILITY = YES_AGGRESSIVE;
				CLANG_WARN_UNREACHABLE_CODE = YES;
				CLANG_WARN__DUPLICATE_METHOD_MATCH = YES;
				COPY_PHASE_STRIP = NO;
				DEBUG_INFORMATION_FORMAT = dwarf;
				ENABLE_STRICT_OBJC_MSGSEND = YES;
				ENABLE_TESTABILITY = YES;
				GCC_C_LANGUAGE_STANDARD = gnu11;
				GCC_DYNAMIC_NO_PIC = NO;
				GCC_NO_COMMON_BLOCKS = YES;
				GCC_OPTIMIZATION_LEVEL = 0;
				GCC_PREPROCESSOR_DEFINITIONS = (
					"DEBUG=1",
					"$(inherited)",
				);
				GCC_WARN_64_TO_32_BIT_CONVERSION = YES;
				GCC_WARN_ABOUT_RETURN_TYPE = YES_ERROR;
				GCC_WARN_UNDECLARED_SELECTOR = YES;
				GCC_WARN_UNINITIALIZED_AUTOS = YES_AGGRESSIVE;
				GCC_WARN_UNUSED_FUNCTION = YES;
				GCC_WARN_UNUSED_VARIABLE = YES;
				MTL_ENABLE_DEBUG_INFO = INCLUDE_SOURCE;
				MTL_FAST_MATH = YES;
				ONLY_ACTIVE_ARCH = YES;
				SWIFT_ACTIVE_COMPILATION_CONDITIONS = DEBUG;
				SWIFT_OPTIMIZATION_LEVEL = "-Onone";
			};
			name = Debug;
		};
		C67413D2268ABAEC00128E2D /* Release */ = {
			isa = XCBuildConfiguration;
			buildSettings = {
				ALWAYS_SEARCH_USER_PATHS = NO;
				CLANG_ANALYZER_NONNULL = YES;
				CLANG_ANALYZER_NUMBER_OBJECT_CONVERSION = YES_AGGRESSIVE;
				CLANG_CXX_LANGUAGE_STANDARD = "gnu++14";
				CLANG_CXX_LIBRARY = "libc++";
				CLANG_ENABLE_MODULES = YES;
				CLANG_ENABLE_OBJC_ARC = YES;
				CLANG_ENABLE_OBJC_WEAK = YES;
				CLANG_WARN_BLOCK_CAPTURE_AUTORELEASING = YES;
				CLANG_WARN_BOOL_CONVERSION = YES;
				CLANG_WARN_COMMA = YES;
				CLANG_WARN_CONSTANT_CONVERSION = YES;
				CLANG_WARN_DEPRECATED_OBJC_IMPLEMENTATIONS = YES;
				CLANG_WARN_DIRECT_OBJC_ISA_USAGE = YES_ERROR;
				CLANG_WARN_DOCUMENTATION_COMMENTS = YES;
				CLANG_WARN_EMPTY_BODY = YES;
				CLANG_WARN_ENUM_CONVERSION = YES;
				CLANG_WARN_INFINITE_RECURSION = YES;
				CLANG_WARN_INT_CONVERSION = YES;
				CLANG_WARN_NON_LITERAL_NULL_CONVERSION = YES;
				CLANG_WARN_OBJC_IMPLICIT_RETAIN_SELF = YES;
				CLANG_WARN_OBJC_LITERAL_CONVERSION = YES;
				CLANG_WARN_OBJC_ROOT_CLASS = YES_ERROR;
				CLANG_WARN_QUOTED_INCLUDE_IN_FRAMEWORK_HEADER = YES;
				CLANG_WARN_RANGE_LOOP_ANALYSIS = YES;
				CLANG_WARN_STRICT_PROTOTYPES = YES;
				CLANG_WARN_SUSPICIOUS_MOVE = YES;
				CLANG_WARN_UNGUARDED_AVAILABILITY = YES_AGGRESSIVE;
				CLANG_WARN_UNREACHABLE_CODE = YES;
				CLANG_WARN__DUPLICATE_METHOD_MATCH = YES;
				COPY_PHASE_STRIP = NO;
				DEBUG_INFORMATION_FORMAT = "dwarf-with-dsym";
				ENABLE_NS_ASSERTIONS = NO;
				ENABLE_STRICT_OBJC_MSGSEND = YES;
				GCC_C_LANGUAGE_STANDARD = gnu11;
				GCC_NO_COMMON_BLOCKS = YES;
				GCC_WARN_64_TO_32_BIT_CONVERSION = YES;
				GCC_WARN_ABOUT_RETURN_TYPE = YES_ERROR;
				GCC_WARN_UNDECLARED_SELECTOR = YES;
				GCC_WARN_UNINITIALIZED_AUTOS = YES_AGGRESSIVE;
				GCC_WARN_UNUSED_FUNCTION = YES;
				GCC_WARN_UNUSED_VARIABLE = YES;
				MTL_ENABLE_DEBUG_INFO = NO;
				MTL_FAST_MATH = YES;
				SWIFT_COMPILATION_MODE = wholemodule;
				SWIFT_OPTIMIZATION_LEVEL = "-O";
			};
			name = Release;
		};
		C67413D4268ABAEC00128E2D /* Debug */ = {
			isa = XCBuildConfiguration;
			buildSettings = {
				ASSETCATALOG_COMPILER_APPICON_NAME = AppIcon;
				ASSETCATALOG_COMPILER_GLOBAL_ACCENT_COLOR_NAME = AccentColor;
				CODE_SIGN_STYLE = Automatic;
				CURRENT_PROJECT_VERSION = 1;
				DEVELOPMENT_TEAM = 5DG8S4P5ZL;
				ENABLE_PREVIEWS = YES;
				GENERATE_INFOPLIST_FILE = YES;
				INFOPLIST_KEY_UIApplicationSceneManifest_Generation = YES;
				INFOPLIST_KEY_UIApplicationSupportsIndirectInputEvents = YES;
				INFOPLIST_KEY_UILaunchScreen_Generation = YES;
				INFOPLIST_KEY_UISupportedInterfaceOrientations_iPad = "UIInterfaceOrientationPortrait UIInterfaceOrientationPortraitUpsideDown UIInterfaceOrientationLandscapeLeft UIInterfaceOrientationLandscapeRight";
				INFOPLIST_KEY_UISupportedInterfaceOrientations_iPhone = "UIInterfaceOrientationPortrait UIInterfaceOrientationLandscapeLeft UIInterfaceOrientationLandscapeRight";
				IPHONEOS_DEPLOYMENT_TARGET = 14.0;
				LD_RUNPATH_SEARCH_PATHS = (
					"$(inherited)",
					"@executable_path/Frameworks",
				);
				MARKETING_VERSION = 1.0;
				PRODUCT_BUNDLE_IDENTIFIER = emre.FlashPad;
				PRODUCT_NAME = FlashPad;
				SDKROOT = iphoneos;
				SWIFT_EMIT_LOC_STRINGS = YES;
				SWIFT_VERSION = 5.0;
				TARGETED_DEVICE_FAMILY = "1,2";
			};
			name = Debug;
		};
		C67413D5268ABAEC00128E2D /* Release */ = {
			isa = XCBuildConfiguration;
			buildSettings = {
				ASSETCATALOG_COMPILER_APPICON_NAME = AppIcon;
				ASSETCATALOG_COMPILER_GLOBAL_ACCENT_COLOR_NAME = AccentColor;
				CODE_SIGN_STYLE = Automatic;
				CURRENT_PROJECT_VERSION = 1;
				DEVELOPMENT_TEAM = 5DG8S4P5ZL;
				ENABLE_PREVIEWS = YES;
				GENERATE_INFOPLIST_FILE = YES;
				INFOPLIST_KEY_UIApplicationSceneManifest_Generation = YES;
				INFOPLIST_KEY_UIApplicationSupportsIndirectInputEvents = YES;
				INFOPLIST_KEY_UILaunchScreen_Generation = YES;
				INFOPLIST_KEY_UISupportedInterfaceOrientations_iPad = "UIInterfaceOrientationPortrait UIInterfaceOrientationPortraitUpsideDown UIInterfaceOrientationLandscapeLeft UIInterfaceOrientationLandscapeRight";
				INFOPLIST_KEY_UISupportedInterfaceOrientations_iPhone = "UIInterfaceOrientationPortrait UIInterfaceOrientationLandscapeLeft UIInterfaceOrientationLandscapeRight";
				IPHONEOS_DEPLOYMENT_TARGET = 14.0;
				LD_RUNPATH_SEARCH_PATHS = (
					"$(inherited)",
					"@executable_path/Frameworks",
				);
				MARKETING_VERSION = 1.0;
				PRODUCT_BUNDLE_IDENTIFIER = emre.FlashPad;
				PRODUCT_NAME = FlashPad;
				SDKROOT = iphoneos;
				SWIFT_EMIT_LOC_STRINGS = YES;
				SWIFT_VERSION = 5.0;
				TARGETED_DEVICE_FAMILY = "1,2";
				VALIDATE_PRODUCT = YES;
			};
			name = Release;
		};
		C67413D7268ABAEC00128E2D /* Debug */ = {
			isa = XCBuildConfiguration;
			buildSettings = {
				ASSETCATALOG_COMPILER_APPICON_NAME = AppIcon;
				ASSETCATALOG_COMPILER_GLOBAL_ACCENT_COLOR_NAME = AccentColor;
				CODE_SIGN_STYLE = Automatic;
				COMBINE_HIDPI_IMAGES = YES;
				CURRENT_PROJECT_VERSION = 1;
				DEVELOPMENT_TEAM = 5DG8S4P5ZL;
				ENABLE_APP_SANDBOX = YES;
				ENABLE_HARDENED_RUNTIME = YES;
				ENABLE_PREVIEWS = YES;
				ENABLE_USER_SELECTED_FILES = readonly;
				GENERATE_INFOPLIST_FILE = YES;
				INFOPLIST_KEY_NSHumanReadableCopyright = "";
				LD_RUNPATH_SEARCH_PATHS = (
					"$(inherited)",
					"@executable_path/../Frameworks",
				);
				MACOSX_DEPLOYMENT_TARGET = 11.0;
				MARKETING_VERSION = 1.0;
				PRODUCT_BUNDLE_IDENTIFIER = emre.FlashPad;
				PRODUCT_NAME = FlashPad;
				SDKROOT = macosx;
				SWIFT_EMIT_LOC_STRINGS = YES;
				SWIFT_VERSION = 5.0;
			};
			name = Debug;
		};
		C67413D8268ABAEC00128E2D /* Release */ = {
			isa = XCBuildConfiguration;
			buildSettings = {
				ASSETCATALOG_COMPILER_APPICON_NAME = AppIcon;
				ASSETCATALOG_COMPILER_GLOBAL_ACCENT_COLOR_NAME = AccentColor;
				CODE_SIGN_STYLE = Automatic;
				COMBINE_HIDPI_IMAGES = YES;
				CURRENT_PROJECT_VERSION = 1;
				DEVELOPMENT_TEAM = 5DG8S4P5ZL;
				ENABLE_APP_SANDBOX = YES;
				ENABLE_HARDENED_RUNTIME = YES;
				ENABLE_PREVIEWS = YES;
				ENABLE_USER_SELECTED_FILES = readonly;
				GENERATE_INFOPLIST_FILE = YES;
				INFOPLIST_KEY_NSHumanReadableCopyright = "";
				LD_RUNPATH_SEARCH_PATHS = (
					"$(inherited)",
					"@executable_path/../Frameworks",
				);
				MACOSX_DEPLOYMENT_TARGET = 11.0;
				MARKETING_VERSION = 1.0;
				PRODUCT_BUNDLE_IDENTIFIER = emre.FlashPad;
				PRODUCT_NAME = FlashPad;
				SDKROOT = macosx;
				SWIFT_EMIT_LOC_STRINGS = YES;
				SWIFT_VERSION = 5.0;
			};
			name = Release;
		};
		C67413DA268ABAEC00128E2D /* Debug */ = {
			isa = XCBuildConfiguration;
			buildSettings = {
				ALWAYS_EMBED_SWIFT_STANDARD_LIBRARIES = YES;
				CODE_SIGN_STYLE = Automatic;
				CURRENT_PROJECT_VERSION = 1;
				DEVELOPMENT_TEAM = 5DG8S4P5ZL;
				GENERATE_INFOPLIST_FILE = YES;
				IPHONEOS_DEPLOYMENT_TARGET = 15.0;
				LD_RUNPATH_SEARCH_PATHS = (
					"$(inherited)",
					"@executable_path/Frameworks",
					"@loader_path/Frameworks",
				);
				MARKETING_VERSION = 1.0;
				PRODUCT_BUNDLE_IDENTIFIER = "emre.Tests-iOS";
				PRODUCT_NAME = "$(TARGET_NAME)";
				SDKROOT = iphoneos;
				SWIFT_EMIT_LOC_STRINGS = NO;
				SWIFT_VERSION = 5.0;
				TARGETED_DEVICE_FAMILY = "1,2";
				TEST_TARGET_NAME = "FlashPad (iOS)";
			};
			name = Debug;
		};
		C67413DB268ABAEC00128E2D /* Release */ = {
			isa = XCBuildConfiguration;
			buildSettings = {
				ALWAYS_EMBED_SWIFT_STANDARD_LIBRARIES = YES;
				CODE_SIGN_STYLE = Automatic;
				CURRENT_PROJECT_VERSION = 1;
				DEVELOPMENT_TEAM = 5DG8S4P5ZL;
				GENERATE_INFOPLIST_FILE = YES;
				IPHONEOS_DEPLOYMENT_TARGET = 15.0;
				LD_RUNPATH_SEARCH_PATHS = (
					"$(inherited)",
					"@executable_path/Frameworks",
					"@loader_path/Frameworks",
				);
				MARKETING_VERSION = 1.0;
				PRODUCT_BUNDLE_IDENTIFIER = "emre.Tests-iOS";
				PRODUCT_NAME = "$(TARGET_NAME)";
				SDKROOT = iphoneos;
				SWIFT_EMIT_LOC_STRINGS = NO;
				SWIFT_VERSION = 5.0;
				TARGETED_DEVICE_FAMILY = "1,2";
				TEST_TARGET_NAME = "FlashPad (iOS)";
				VALIDATE_PRODUCT = YES;
			};
			name = Release;
		};
		C67413DD268ABAEC00128E2D /* Debug */ = {
			isa = XCBuildConfiguration;
			buildSettings = {
				ALWAYS_EMBED_SWIFT_STANDARD_LIBRARIES = YES;
				CODE_SIGN_STYLE = Automatic;
				COMBINE_HIDPI_IMAGES = YES;
				CURRENT_PROJECT_VERSION = 1;
				DEVELOPMENT_TEAM = 5DG8S4P5ZL;
				GENERATE_INFOPLIST_FILE = YES;
				LD_RUNPATH_SEARCH_PATHS = (
					"$(inherited)",
					"@executable_path/../Frameworks",
					"@loader_path/../Frameworks",
				);
				MACOSX_DEPLOYMENT_TARGET = 11.4;
				MARKETING_VERSION = 1.0;
				PRODUCT_BUNDLE_IDENTIFIER = "emre.Tests-macOS";
				PRODUCT_NAME = "$(TARGET_NAME)";
				SDKROOT = macosx;
				SWIFT_EMIT_LOC_STRINGS = NO;
				SWIFT_VERSION = 5.0;
				TEST_TARGET_NAME = "FlashPad (macOS)";
			};
			name = Debug;
		};
		C67413DE268ABAEC00128E2D /* Release */ = {
			isa = XCBuildConfiguration;
			buildSettings = {
				ALWAYS_EMBED_SWIFT_STANDARD_LIBRARIES = YES;
				CODE_SIGN_STYLE = Automatic;
				COMBINE_HIDPI_IMAGES = YES;
				CURRENT_PROJECT_VERSION = 1;
				DEVELOPMENT_TEAM = 5DG8S4P5ZL;
				GENERATE_INFOPLIST_FILE = YES;
				LD_RUNPATH_SEARCH_PATHS = (
					"$(inherited)",
					"@executable_path/../Frameworks",
					"@loader_path/../Frameworks",
				);
				MACOSX_DEPLOYMENT_TARGET = 11.4;
				MARKETING_VERSION = 1.0;
				PRODUCT_BUNDLE_IDENTIFIER = "emre.Tests-macOS";
				PRODUCT_NAME = "$(TARGET_NAME)";
				SDKROOT = macosx;
				SWIFT_EMIT_LOC_STRINGS = NO;
				SWIFT_VERSION = 5.0;
				TEST_TARGET_NAME = "FlashPad (macOS)";
			};
			name = Release;
		};
/* End XCBuildConfiguration section */

/* Begin XCConfigurationList section */
		C67413A7268ABAEB00128E2D /* Build configuration list for PBXProject "FlashPad" */ = {
			isa = XCConfigurationList;
			buildConfigurations = (
				C67413D1268ABAEC00128E2D /* Debug */,
				C67413D2268ABAEC00128E2D /* Release */,
			);
			defaultConfigurationIsVisible = 0;
			defaultConfigurationName = Release;
		};
		C67413D3268ABAEC00128E2D /* Build configuration list for PBXNativeTarget "FlashPad (iOS)" */ = {
			isa = XCConfigurationList;
			buildConfigurations = (
				C67413D4268ABAEC00128E2D /* Debug */,
				C67413D5268ABAEC00128E2D /* Release */,
			);
			defaultConfigurationIsVisible = 0;
			defaultConfigurationName = Release;
		};
		C67413D6268ABAEC00128E2D /* Build configuration list for PBXNativeTarget "FlashPad (macOS)" */ = {
			isa = XCConfigurationList;
			buildConfigurations = (
				C67413D7268ABAEC00128E2D /* Debug */,
				C67413D8268ABAEC00128E2D /* Release */,
			);
			defaultConfigurationIsVisible = 0;
			defaultConfigurationName = Release;
		};
		C67413D9268ABAEC00128E2D /* Build configuration list for PBXNativeTarget "Tests iOS" */ = {
			isa = XCConfigurationList;
			buildConfigurations = (
				C67413DA268ABAEC00128E2D /* Debug */,
				C67413DB268ABAEC00128E2D /* Release */,
			);
			defaultConfigurationIsVisible = 0;
			defaultConfigurationName = Release;
		};
		C67413DC268ABAEC00128E2D /* Build configuration list for PBXNativeTarget "Tests macOS" */ = {
			isa = XCConfigurationList;
			buildConfigurations = (
				C67413DD268ABAEC00128E2D /* Debug */,
				C67413DE268ABAEC00128E2D /* Release */,
			);
			defaultConfigurationIsVisible = 0;
			defaultConfigurationName = Release;
		};
/* End XCConfigurationList section */
	};
	rootObject = C67413A4268ABAEB00128E2D /* Project object */;
}
